<?xml version="1.0" encoding="UTF-8" standalone="yes" ?>
<CodeBlocks_project_file>
	<FileVersion major="1" minor="6" />
	<Project>
		<Option title="SwisTrackPlus" />
		<Option pch_mode="2" />
		<Option compiler="gcc" />
		<Build>
			<Target title="Debug">
				<Option output="bin/Debug/SwisTrackPlus" prefix_auto="1" extension_auto="1" />
				<Option object_output="obj/Debug/" />
				<Option type="1" />
				<Option compiler="gcc" />
				<Compiler>
					<Add option="-g" />
				</Compiler>
			</Target>
		</Build>
		<Compiler>
			<Add option="-Wall" />
		</Compiler>
		<Unit filename="../Code/batch/Application.cpp" />
		<Unit filename="../Code/batch/Application.h" />
		<Unit filename="../Code/core/CommunicationCommandHandler.cpp" />
		<Unit filename="../Code/core/CommunicationCommandHandler.d" />
		<Unit filename="../Code/core/CommunicationCommandHandler.h" />
		<Unit filename="../Code/core/CommunicationCommandHandler.o" />
		<Unit filename="../Code/core/CommunicationInterface.cpp" />
		<Unit filename="../Code/core/CommunicationInterface.d" />
		<Unit filename="../Code/core/CommunicationInterface.h" />
		<Unit filename="../Code/core/CommunicationInterface.o" />
		<Unit filename="../Code/core/CommunicationMessage.cpp" />
		<Unit filename="../Code/core/CommunicationMessage.d" />
		<Unit filename="../Code/core/CommunicationMessage.h" />
		<Unit filename="../Code/core/CommunicationMessage.o" />
		<Unit filename="../Code/core/CommunicationNMEAInterface.cpp" />
		<Unit filename="../Code/core/CommunicationNMEAInterface.d" />
		<Unit filename="../Code/core/CommunicationNMEAInterface.h" />
		<Unit filename="../Code/core/CommunicationNMEAInterface.o" />
		<Unit filename="../Code/core/Component.cpp" />
		<Unit filename="../Code/core/Component.d" />
		<Unit filename="../Code/core/Component.h" />
		<Unit filename="../Code/core/Component.o" />
		<Unit filename="../Code/core/ComponentAdaptiveBackgroundSubtractionColor.cpp" />
		<Unit filename="../Code/core/ComponentAdaptiveBackgroundSubtractionColor.d" />
		<Unit filename="../Code/core/ComponentAdaptiveBackgroundSubtractionColor.h" />
		<Unit filename="../Code/core/ComponentAdaptiveBackgroundSubtractionColor.o" />
		<Unit filename="../Code/core/ComponentAdaptiveBackgroundSubtractionGray.cpp" />
		<Unit filename="../Code/core/ComponentAdaptiveBackgroundSubtractionGray.d" />
		<Unit filename="../Code/core/ComponentAdaptiveBackgroundSubtractionGray.h" />
		<Unit filename="../Code/core/ComponentAdaptiveBackgroundSubtractionGray.o" />
		<Unit filename="../Code/core/ComponentAdaptiveBackgroundSubtractionMedian.cpp" />
		<Unit filename="../Code/core/ComponentAdaptiveBackgroundSubtractionMedian.d" />
		<Unit filename="../Code/core/ComponentAdaptiveBackgroundSubtractionMedian.h" />
		<Unit filename="../Code/core/ComponentAdaptiveBackgroundSubtractionMedian.o" />
		<Unit filename="../Code/core/ComponentAdaptiveThreshold.cpp" />
		<Unit filename="../Code/core/ComponentAdaptiveThreshold.d" />
		<Unit filename="../Code/core/ComponentAdaptiveThreshold.h" />
		<Unit filename="../Code/core/ComponentAdaptiveThreshold.o" />
		<Unit filename="../Code/core/ComponentBackgroundSubtractionCheungKamath.cpp" />
		<Unit filename="../Code/core/ComponentBackgroundSubtractionCheungKamath.d" />
		<Unit filename="../Code/core/ComponentBackgroundSubtractionCheungKamath.h" />
		<Unit filename="../Code/core/ComponentBackgroundSubtractionCheungKamath.o" />
		<Unit filename="../Code/core/ComponentBackgroundSubtractionColor.cpp" />
		<Unit filename="../Code/core/ComponentBackgroundSubtractionColor.d" />
		<Unit filename="../Code/core/ComponentBackgroundSubtractionColor.h" />
		<Unit filename="../Code/core/ComponentBackgroundSubtractionColor.o" />
		<Unit filename="../Code/core/ComponentBackgroundSubtractionGray.cpp" />
		<Unit filename="../Code/core/ComponentBackgroundSubtractionGray.d" />
		<Unit filename="../Code/core/ComponentBackgroundSubtractionGray.h" />
		<Unit filename="../Code/core/ComponentBackgroundSubtractionGray.o" />
		<Unit filename="../Code/core/ComponentBinaryDilation.cpp" />
		<Unit filename="../Code/core/ComponentBinaryDilation.d" />
		<Unit filename="../Code/core/ComponentBinaryDilation.h" />
		<Unit filename="../Code/core/ComponentBinaryDilation.o" />
		<Unit filename="../Code/core/ComponentBinaryErosion.cpp" />
		<Unit filename="../Code/core/ComponentBinaryErosion.d" />
		<Unit filename="../Code/core/ComponentBinaryErosion.h" />
		<Unit filename="../Code/core/ComponentBinaryErosion.o" />
		<Unit filename="../Code/core/ComponentBinaryMask.cpp" />
		<Unit filename="../Code/core/ComponentBinaryMask.d" />
		<Unit filename="../Code/core/ComponentBinaryMask.h" />
		<Unit filename="../Code/core/ComponentBinaryMask.o" />
		<Unit filename="../Code/core/ComponentBlobDetectionMinMax.cpp" />
		<Unit filename="../Code/core/ComponentBlobDetectionMinMax.d" />
		<Unit filename="../Code/core/ComponentBlobDetectionMinMax.h" />
		<Unit filename="../Code/core/ComponentBlobDetectionMinMax.o" />
		<Unit filename="../Code/core/ComponentBlobDetectionRedGreen.cpp" />
		<Unit filename="../Code/core/ComponentBlobDetectionRedGreen.d" />
		<Unit filename="../Code/core/ComponentBlobDetectionRedGreen.h" />
		<Unit filename="../Code/core/ComponentBlobDetectionRedGreen.o" />
		<Unit filename="../Code/core/ComponentBlobDetectionTwoColors.cpp" />
		<Unit filename="../Code/core/ComponentBlobDetectionTwoColors.d" />
		<Unit filename="../Code/core/ComponentBlobDetectionTwoColors.h" />
		<Unit filename="../Code/core/ComponentBlobDetectionTwoColors.o" />
		<Unit filename="../Code/core/ComponentBlobSelection.cpp" />
		<Unit filename="../Code/core/ComponentBlobSelection.d" />
		<Unit filename="../Code/core/ComponentBlobSelection.h" />
		<Unit filename="../Code/core/ComponentBlobSelection.o" />
		<Unit filename="../Code/core/ComponentCalibrationLinear.cpp" />
		<Unit filename="../Code/core/ComponentCalibrationLinear.d" />
		<Unit filename="../Code/core/ComponentCalibrationLinear.h" />
		<Unit filename="../Code/core/ComponentCalibrationLinear.o" />
		<Unit filename="../Code/core/ComponentCalibrationTSAI.cpp" />
		<Unit filename="../Code/core/ComponentCalibrationTSAI.d" />
		<Unit filename="../Code/core/ComponentCalibrationTSAI.h" />
		<Unit filename="../Code/core/ComponentCalibrationTSAI.o" />
		<Unit filename="../Code/core/ComponentCamShiftTracking.cpp" />
		<Unit filename="../Code/core/ComponentCamShiftTracking.d" />
		<Unit filename="../Code/core/ComponentCamShiftTracking.h" />
		<Unit filename="../Code/core/ComponentCamShiftTracking.o" />
		<Unit filename="../Code/core/ComponentCannyEdgeDetection.cpp" />
		<Unit filename="../Code/core/ComponentCannyEdgeDetection.d" />
		<Unit filename="../Code/core/ComponentCannyEdgeDetection.h" />
		<Unit filename="../Code/core/ComponentCannyEdgeDetection.o" />
		<Unit filename="../Code/core/ComponentCategory.cpp" />
		<Unit filename="../Code/core/ComponentCategory.d" />
		<Unit filename="../Code/core/ComponentCategory.h" />
		<Unit filename="../Code/core/ComponentCategory.o" />
		<Unit filename="../Code/core/ComponentChannelArithmetic.cpp" />
		<Unit filename="../Code/core/ComponentChannelArithmetic.d" />
		<Unit filename="../Code/core/ComponentChannelArithmetic.h" />
		<Unit filename="../Code/core/ComponentChannelArithmetic.o" />
		<Unit filename="../Code/core/ComponentColorBlur.cpp" />
		<Unit filename="../Code/core/ComponentColorBlur.d" />
		<Unit filename="../Code/core/ComponentColorBlur.h" />
		<Unit filename="../Code/core/ComponentColorBlur.o" />
		<Unit filename="../Code/core/ComponentColorHistogramParticles.cpp" />
		<Unit filename="../Code/core/ComponentColorHistogramParticles.d" />
		<Unit filename="../Code/core/ComponentColorHistogramParticles.h" />
		<Unit filename="../Code/core/ComponentColorHistogramParticles.o" />
		<Unit filename="../Code/core/ComponentColorMask.cpp" />
		<Unit filename="../Code/core/ComponentColorMask.d" />
		<Unit filename="../Code/core/ComponentColorMask.h" />
		<Unit filename="../Code/core/ComponentColorMask.o" />
		<Unit filename="../Code/core/ComponentColorSwapper.cpp" />
		<Unit filename="../Code/core/ComponentColorSwapper.d" />
		<Unit filename="../Code/core/ComponentColorSwapper.h" />
		<Unit filename="../Code/core/ComponentColorSwapper.o" />
		<Unit filename="../Code/core/ComponentConvertBayerToColor.cpp" />
		<Unit filename="../Code/core/ComponentConvertBayerToColor.d" />
		<Unit filename="../Code/core/ComponentConvertBayerToColor.h" />
		<Unit filename="../Code/core/ComponentConvertBayerToColor.o" />
		<Unit filename="../Code/core/ComponentConvertToColor.cpp" />
		<Unit filename="../Code/core/ComponentConvertToColor.d" />
		<Unit filename="../Code/core/ComponentConvertToColor.h" />
		<Unit filename="../Code/core/ComponentConvertToColor.o" />
		<Unit filename="../Code/core/ComponentConvertToGray.cpp" />
		<Unit filename="../Code/core/ComponentConvertToGray.d" />
		<Unit filename="../Code/core/ComponentConvertToGray.h" />
		<Unit filename="../Code/core/ComponentConvertToGray.o" />
		<Unit filename="../Code/core/ComponentDoubleThresholdColorIndependent.cpp" />
		<Unit filename="../Code/core/ComponentDoubleThresholdColorIndependent.d" />
		<Unit filename="../Code/core/ComponentDoubleThresholdColorIndependent.h" />
		<Unit filename="../Code/core/ComponentDoubleThresholdColorIndependent.o" />
		<Unit filename="../Code/core/ComponentDynamicNearestNeighborTracking.cpp" />
		<Unit filename="../Code/core/ComponentDynamicNearestNeighborTracking.d" />
		<Unit filename="../Code/core/ComponentDynamicNearestNeighborTracking.h" />
		<Unit filename="../Code/core/ComponentDynamicNearestNeighborTracking.o" />
		<Unit filename="../Code/core/ComponentEditor.cpp" />
		<Unit filename="../Code/core/ComponentEditor.d" />
		<Unit filename="../Code/core/ComponentEditor.h" />
		<Unit filename="../Code/core/ComponentEditor.o" />
		<Unit filename="../Code/core/ComponentEpuckAccess.cpp" />
		<Unit filename="../Code/core/ComponentEpuckAccess.d" />
		<Unit filename="../Code/core/ComponentEpuckAccess.h" />
		<Unit filename="../Code/core/ComponentEpuckAccess.o" />
		<Unit filename="../Code/core/ComponentGrayMask.cpp" />
		<Unit filename="../Code/core/ComponentGrayMask.d" />
		<Unit filename="../Code/core/ComponentGrayMask.h" />
		<Unit filename="../Code/core/ComponentGrayMask.o" />
		<Unit filename="../Code/core/ComponentHSVBackgroundSubtractionColor.cpp" />
		<Unit filename="../Code/core/ComponentHSVBackgroundSubtractionColor.d" />
		<Unit filename="../Code/core/ComponentHSVBackgroundSubtractionColor.h" />
		<Unit filename="../Code/core/ComponentHSVBackgroundSubtractionColor.o" />
		<Unit filename="../Code/core/ComponentIDReaderRing.cpp" />
		<Unit filename="../Code/core/ComponentIDReaderRing.d" />
		<Unit filename="../Code/core/ComponentIDReaderRing.h" />
		<Unit filename="../Code/core/ComponentIDReaderRing.o" />
		<Unit filename="../Code/core/ComponentInputCamera1394.cpp" />
		<Unit filename="../Code/core/ComponentInputCamera1394.d" />
		<Unit filename="../Code/core/ComponentInputCamera1394.h" />
		<Unit filename="../Code/core/ComponentInputCamera1394.o" />
		<Unit filename="../Code/core/ComponentInputCameraGigE.cpp" />
		<Unit filename="../Code/core/ComponentInputCameraGigE.cpp.April17.2009" />
		<Unit filename="../Code/core/ComponentInputCameraGigE.d" />
		<Unit filename="../Code/core/ComponentInputCameraGigE.h" />
		<Unit filename="../Code/core/ComponentInputCameraGigE.h.April17.2009" />
		<Unit filename="../Code/core/ComponentInputCameraGigE.o" />
		<Unit filename="../Code/core/ComponentInputCameraUSB.cpp" />
		<Unit filename="../Code/core/ComponentInputCameraUSB.d" />
		<Unit filename="../Code/core/ComponentInputCameraUSB.h" />
		<Unit filename="../Code/core/ComponentInputCameraUSB.o" />
		<Unit filename="../Code/core/ComponentInputFileAVI.cpp" />
		<Unit filename="../Code/core/ComponentInputFileAVI.d" />
		<Unit filename="../Code/core/ComponentInputFileAVI.h" />
		<Unit filename="../Code/core/ComponentInputFileAVI.o" />
		<Unit filename="../Code/core/ComponentInputFileImage.cpp" />
		<Unit filename="../Code/core/ComponentInputFileImage.d" />
		<Unit filename="../Code/core/ComponentInputFileImage.h" />
		<Unit filename="../Code/core/ComponentInputFileImage.o" />
		<Unit filename="../Code/core/ComponentInputShopFloorLayout.cpp" />
		<Unit filename="../Code/core/ComponentInputShopFloorLayout.d" />
		<Unit filename="../Code/core/ComponentInputShopFloorLayout.h" />
		<Unit filename="../Code/core/ComponentInputShopFloorLayout.o" />
		<Unit filename="../Code/core/ComponentKalmanFilterTrack.cpp" />
		<Unit filename="../Code/core/ComponentKalmanFilterTrack.d" />
		<Unit filename="../Code/core/ComponentKalmanFilterTrack.h" />
		<Unit filename="../Code/core/ComponentKalmanFilterTrack.o" />
		<Unit filename="../Code/core/ComponentMinCostFlowTracking.cpp" />
		<Unit filename="../Code/core/ComponentMinCostFlowTracking.d" />
		<Unit filename="../Code/core/ComponentMinCostFlowTracking.h" />
		<Unit filename="../Code/core/ComponentMinCostFlowTracking.o" />
		<Unit filename="../Code/core/ComponentMinFlowTracking.cpp" />
		<Unit filename="../Code/core/ComponentMinFlowTracking.d" />
		<Unit filename="../Code/core/ComponentMinFlowTracking.h" />
		<Unit filename="../Code/core/ComponentMinFlowTracking.o" />
		<Unit filename="../Code/core/ComponentMotionTemplateTracking.cpp" />
		<Unit filename="../Code/core/ComponentMotionTemplateTracking.d" />
		<Unit filename="../Code/core/ComponentMotionTemplateTracking.h" />
		<Unit filename="../Code/core/ComponentMotionTemplateTracking.o" />
		<Unit filename="../Code/core/ComponentMoveBinaryToColor.cpp" />
		<Unit filename="../Code/core/ComponentMoveBinaryToColor.d" />
		<Unit filename="../Code/core/ComponentMoveBinaryToColor.h" />
		<Unit filename="../Code/core/ComponentMoveBinaryToColor.o" />
		<Unit filename="../Code/core/ComponentNearestNeighborTracking.cpp" />
		<Unit filename="../Code/core/ComponentNearestNeighborTracking.d" />
		<Unit filename="../Code/core/ComponentNearestNeighborTracking.h" />
		<Unit filename="../Code/core/ComponentNearestNeighborTracking.o" />
		<Unit filename="../Code/core/ComponentOpticalFlowPyrLKTracking.cpp" />
		<Unit filename="../Code/core/ComponentOpticalFlowPyrLKTracking.d" />
		<Unit filename="../Code/core/ComponentOpticalFlowPyrLKTracking.h" />
		<Unit filename="../Code/core/ComponentOpticalFlowPyrLKTracking.o" />
		<Unit filename="../Code/core/ComponentOutputAVI.cpp" />
		<Unit filename="../Code/core/ComponentOutputAVI.d" />
		<Unit filename="../Code/core/ComponentOutputAVI.h" />
		<Unit filename="../Code/core/ComponentOutputAVI.o" />
		<Unit filename="../Code/core/ComponentOutputFile.cpp" />
		<Unit filename="../Code/core/ComponentOutputFile.d" />
		<Unit filename="../Code/core/ComponentOutputFile.h" />
		<Unit filename="../Code/core/ComponentOutputFile.o" />
		<Unit filename="../Code/core/ComponentOutputFileAVI.cpp" />
		<Unit filename="../Code/core/ComponentOutputFileAVI.d" />
		<Unit filename="../Code/core/ComponentOutputFileAVI.h" />
		<Unit filename="../Code/core/ComponentOutputFileAVI.o" />
		<Unit filename="../Code/core/ComponentOutputFileM4V.cpp" />
		<Unit filename="../Code/core/ComponentOutputFileM4V.d" />
		<Unit filename="../Code/core/ComponentOutputFileM4V.h" />
		<Unit filename="../Code/core/ComponentOutputFileM4V.o" />
		<Unit filename="../Code/core/ComponentOutputFramesImages.cpp" />
		<Unit filename="../Code/core/ComponentOutputFramesImages.d" />
		<Unit filename="../Code/core/ComponentOutputFramesImages.h" />
		<Unit filename="../Code/core/ComponentOutputFramesImages.o" />
		<Unit filename="../Code/core/ComponentOutputImageStatisticsBinary.cpp" />
		<Unit filename="../Code/core/ComponentOutputImageStatisticsBinary.d" />
		<Unit filename="../Code/core/ComponentOutputImageStatisticsBinary.h" />
		<Unit filename="../Code/core/ComponentOutputImageStatisticsBinary.o" />
		<Unit filename="../Code/core/ComponentOutputImageStatisticsColor.cpp" />
		<Unit filename="../Code/core/ComponentOutputImageStatisticsColor.d" />
		<Unit filename="../Code/core/ComponentOutputImageStatisticsColor.h" />
		<Unit filename="../Code/core/ComponentOutputImageStatisticsColor.o" />
		<Unit filename="../Code/core/ComponentOutputImageStatisticsGray.cpp" />
		<Unit filename="../Code/core/ComponentOutputImageStatisticsGray.d" />
		<Unit filename="../Code/core/ComponentOutputImageStatisticsGray.h" />
		<Unit filename="../Code/core/ComponentOutputImageStatisticsGray.o" />
		<Unit filename="../Code/core/ComponentOutputMarkFrameManual.cpp" />
		<Unit filename="../Code/core/ComponentOutputMarkFrameManual.d" />
		<Unit filename="../Code/core/ComponentOutputMarkFrameManual.h" />
		<Unit filename="../Code/core/ComponentOutputMarkFrameManual.o" />
		<Unit filename="../Code/core/ComponentOutputParticles.cpp" />
		<Unit filename="../Code/core/ComponentOutputParticles.d" />
		<Unit filename="../Code/core/ComponentOutputParticles.h" />
		<Unit filename="../Code/core/ComponentOutputParticles.o" />
		<Unit filename="../Code/core/ComponentOutputPose2File.cpp" />
		<Unit filename="../Code/core/ComponentOutputPose2File.d" />
		<Unit filename="../Code/core/ComponentOutputPose2File.h" />
		<Unit filename="../Code/core/ComponentOutputPose2File.o" />
		<Unit filename="../Code/core/ComponentRILGlobalModeExpt.cpp" />
		<Unit filename="../Code/core/ComponentRILGlobalModeExpt.d" />
		<Unit filename="../Code/core/ComponentRILGlobalModeExpt.h" />
		<Unit filename="../Code/core/ComponentRILGlobalModeExpt.o" />
		<Unit filename="../Code/core/ComponentRobotDeviceManager.cpp" />
		<Unit filename="../Code/core/ComponentRobotDeviceManager.d" />
		<Unit filename="../Code/core/ComponentRobotDeviceManager.h" />
		<Unit filename="../Code/core/ComponentRobotDeviceManager.o" />
		<Unit filename="../Code/core/ComponentRobotDeviceManager1.d" />
		<Unit filename="../Code/core/ComponentRobotDeviceManager1.h" />
		<Unit filename="../Code/core/ComponentRobotDeviceManager1.o" />
		<Unit filename="../Code/core/ComponentRobotTaskAllocator.cpp" />
		<Unit filename="../Code/core/ComponentRobotTaskAllocator.d" />
		<Unit filename="../Code/core/ComponentRobotTaskAllocator.h" />
		<Unit filename="../Code/core/ComponentRobotTaskAllocator.o" />
		<Unit filename="../Code/core/ComponentSimulationParticles.cpp" />
		<Unit filename="../Code/core/ComponentSimulationParticles.d" />
		<Unit filename="../Code/core/ComponentSimulationParticles.h" />
		<Unit filename="../Code/core/ComponentSimulationParticles.o" />
		<Unit filename="../Code/core/ComponentSpecificColorSubtraction.cpp" />
		<Unit filename="../Code/core/ComponentSpecificColorSubtraction.d" />
		<Unit filename="../Code/core/ComponentSpecificColorSubtraction.h" />
		<Unit filename="../Code/core/ComponentSpecificColorSubtraction.o" />
		<Unit filename="../Code/core/ComponentThresholdColorCommon.cpp" />
		<Unit filename="../Code/core/ComponentThresholdColorCommon.d" />
		<Unit filename="../Code/core/ComponentThresholdColorCommon.h" />
		<Unit filename="../Code/core/ComponentThresholdColorCommon.o" />
		<Unit filename="../Code/core/ComponentThresholdColorIndependent.cpp" />
		<Unit filename="../Code/core/ComponentThresholdColorIndependent.d" />
		<Unit filename="../Code/core/ComponentThresholdColorIndependent.h" />
		<Unit filename="../Code/core/ComponentThresholdColorIndependent.o" />
		<Unit filename="../Code/core/ComponentThresholdGray.cpp" />
		<Unit filename="../Code/core/ComponentThresholdGray.d" />
		<Unit filename="../Code/core/ComponentThresholdGray.h" />
		<Unit filename="../Code/core/ComponentThresholdGray.o" />
		<Unit filename="../Code/core/ComponentTrackSmoothing.cpp" />
		<Unit filename="../Code/core/ComponentTrackSmoothing.d" />
		<Unit filename="../Code/core/ComponentTrackSmoothing.h" />
		<Unit filename="../Code/core/ComponentTrackSmoothing.o" />
		<Unit filename="../Code/core/ComponentTracking.cpp" />
		<Unit filename="../Code/core/ComponentTracking.d" />
		<Unit filename="../Code/core/ComponentTracking.h" />
		<Unit filename="../Code/core/ComponentTracking.o" />
		<Unit filename="../Code/core/ComponentTrigger.cpp" />
		<Unit filename="../Code/core/ComponentTrigger.d" />
		<Unit filename="../Code/core/ComponentTrigger.h" />
		<Unit filename="../Code/core/ComponentTrigger.o" />
		<Unit filename="../Code/core/ComponentTriggerCounter.cpp" />
		<Unit filename="../Code/core/ComponentTriggerCounter.d" />
		<Unit filename="../Code/core/ComponentTriggerCounter.h" />
		<Unit filename="../Code/core/ComponentTriggerCounter.o" />
		<Unit filename="../Code/core/ComponentTriggerTimer.cpp" />
		<Unit filename="../Code/core/ComponentTriggerTimer.d" />
		<Unit filename="../Code/core/ComponentTriggerTimer.h" />
		<Unit filename="../Code/core/ComponentTriggerTimer.o" />
		<Unit filename="../Code/core/ConfigurationConversion.cpp" />
		<Unit filename="../Code/core/ConfigurationConversion.d" />
		<Unit filename="../Code/core/ConfigurationConversion.h" />
		<Unit filename="../Code/core/ConfigurationConversion.o" />
		<Unit filename="../Code/core/ConfigurationReaderXML.cpp" />
		<Unit filename="../Code/core/ConfigurationReaderXML.d" />
		<Unit filename="../Code/core/ConfigurationReaderXML.h" />
		<Unit filename="../Code/core/ConfigurationReaderXML.o" />
		<Unit filename="../Code/core/ConfigurationWriterXML.cpp" />
		<Unit filename="../Code/core/ConfigurationWriterXML.d" />
		<Unit filename="../Code/core/ConfigurationWriterXML.h" />
		<Unit filename="../Code/core/ConfigurationWriterXML.o" />
		<Unit filename="../Code/core/ConfigurationXML.cpp" />
		<Unit filename="../Code/core/ConfigurationXML.d" />
		<Unit filename="../Code/core/ConfigurationXML.h" />
		<Unit filename="../Code/core/ConfigurationXML.o" />
		<Unit filename="../Code/core/DataStructure.cpp" />
		<Unit filename="../Code/core/DataStructure.d" />
		<Unit filename="../Code/core/DataStructure.h" />
		<Unit filename="../Code/core/DataStructure.o" />
		<Unit filename="../Code/core/DataStructureImage.cpp" />
		<Unit filename="../Code/core/DataStructureImage.d" />
		<Unit filename="../Code/core/DataStructureImage.h" />
		<Unit filename="../Code/core/DataStructureImage.o" />
		<Unit filename="../Code/core/DataStructureInput.cpp" />
		<Unit filename="../Code/core/DataStructureInput.d" />
		<Unit filename="../Code/core/DataStructureInput.h" />
		<Unit filename="../Code/core/DataStructureInput.o" />
		<Unit filename="../Code/core/DataStructureInputShopFloor.cpp" />
		<Unit filename="../Code/core/DataStructureInputShopFloor.d" />
		<Unit filename="../Code/core/DataStructureInputShopFloor.h" />
		<Unit filename="../Code/core/DataStructureInputShopFloor.o" />
		<Unit filename="../Code/core/DataStructureParticles.cpp" />
		<Unit filename="../Code/core/DataStructureParticles.d" />
		<Unit filename="../Code/core/DataStructureParticles.h" />
		<Unit filename="../Code/core/DataStructureParticles.o" />
		<Unit filename="../Code/core/DataStructureRobotDevices.cpp" />
		<Unit filename="../Code/core/DataStructureRobotDevices.d" />
		<Unit filename="../Code/core/DataStructureRobotDevices.h" />
		<Unit filename="../Code/core/DataStructureRobotDevices.o" />
		<Unit filename="../Code/core/DataStructureShopTasks.cpp" />
		<Unit filename="../Code/core/DataStructureShopTasks.d" />
		<Unit filename="../Code/core/DataStructureShopTasks.h" />
		<Unit filename="../Code/core/DataStructureShopTasks.o" />
		<Unit filename="../Code/core/DataStructureTrack.cpp" />
		<Unit filename="../Code/core/DataStructureTrack.d" />
		<Unit filename="../Code/core/DataStructureTrack.o" />
		<Unit filename="../Code/core/DataStructureTracks.cpp" />
		<Unit filename="../Code/core/DataStructureTracks.d" />
		<Unit filename="../Code/core/DataStructureTracks.h" />
		<Unit filename="../Code/core/DataStructureTracks.o" />
		<Unit filename="../Code/core/Display.cpp" />
		<Unit filename="../Code/core/Display.d" />
		<Unit filename="../Code/core/Display.h" />
		<Unit filename="../Code/core/Display.o" />
		<Unit filename="../Code/core/DisplayEditor.cpp" />
		<Unit filename="../Code/core/DisplayEditor.d" />
		<Unit filename="../Code/core/DisplayEditor.h" />
		<Unit filename="../Code/core/DisplayEditor.o" />
		<Unit filename="../Code/core/DisplayRenderer.cpp" />
		<Unit filename="../Code/core/DisplayRenderer.d" />
		<Unit filename="../Code/core/DisplayRenderer.h" />
		<Unit filename="../Code/core/DisplayRenderer.o" />
		<Unit filename="../Code/core/DisplaySubscriberInterface.cpp" />
		<Unit filename="../Code/core/DisplaySubscriberInterface.d" />
		<Unit filename="../Code/core/DisplaySubscriberInterface.h" />
		<Unit filename="../Code/core/DisplaySubscriberInterface.o" />
		<Unit filename="../Code/core/ErrorList.cpp" />
		<Unit filename="../Code/core/ErrorList.d" />
		<Unit filename="../Code/core/ErrorList.h" />
		<Unit filename="../Code/core/ErrorList.o" />
		<Unit filename="../Code/core/ErrorListItem.cpp" />
		<Unit filename="../Code/core/ErrorListItem.d" />
		<Unit filename="../Code/core/ErrorListItem.h" />
		<Unit filename="../Code/core/ErrorListItem.o" />
		<Unit filename="../Code/core/ImageConversion.cpp" />
		<Unit filename="../Code/core/ImageConversion.d" />
		<Unit filename="../Code/core/ImageConversion.h" />
		<Unit filename="../Code/core/ImageConversion.o" />
		<Unit filename="../Code/core/LiveGraphDataWriter.cpp" />
		<Unit filename="../Code/core/LiveGraphDataWriter.h" />
		<Unit filename="../Code/core/MSVisualStudio/SwisTrack-Core.vcproj" />
		<Unit filename="../Code/core/Makefile" />
		<Unit filename="../Code/core/MinCostFlow.cpp" />
		<Unit filename="../Code/core/MinCostFlow.d" />
		<Unit filename="../Code/core/MinCostFlow.h" />
		<Unit filename="../Code/core/MinCostFlow.o" />
		<Unit filename="../Code/core/NMEALog.cpp" />
		<Unit filename="../Code/core/NMEALog.d" />
		<Unit filename="../Code/core/NMEALog.h" />
		<Unit filename="../Code/core/NMEALog.o" />
		<Unit filename="../Code/core/NavigationCommand.cpp" />
		<Unit filename="../Code/core/NavigationCommand.d" />
		<Unit filename="../Code/core/NavigationCommand.h" />
		<Unit filename="../Code/core/NavigationCommand.o" />
		<Unit filename="../Code/core/NavigationEvent.cpp" />
		<Unit filename="../Code/core/NavigationEvent.d" />
		<Unit filename="../Code/core/NavigationEvent.h" />
		<Unit filename="../Code/core/NavigationEvent.o" />
		<Unit filename="../Code/core/ObjectList.cpp" />
		<Unit filename="../Code/core/ObjectList.d" />
		<Unit filename="../Code/core/ObjectList.h" />
		<Unit filename="../Code/core/ObjectList.o" />
		<Unit filename="../Code/core/Particle.cpp" />
		<Unit filename="../Code/core/Particle.d" />
		<Unit filename="../Code/core/Particle.h" />
		<Unit filename="../Code/core/Particle.o" />
		<Unit filename="../Code/core/README" />
		<Unit filename="../Code/core/RILSetup.cpp" />
		<Unit filename="../Code/core/RILSetup.d" />
		<Unit filename="../Code/core/RILSetup.h" />
		<Unit filename="../Code/core/RILSetup.o" />
		<Unit filename="../Code/core/Random.cpp" />
		<Unit filename="../Code/core/Random.d" />
		<Unit filename="../Code/core/Random.h" />
		<Unit filename="../Code/core/Random.o" />
		<Unit filename="../Code/core/RandomExponential.cpp" />
		<Unit filename="../Code/core/RandomExponential.d" />
		<Unit filename="../Code/core/RandomExponential.h" />
		<Unit filename="../Code/core/RandomExponential.o" />
		<Unit filename="../Code/core/RandomMersenneTwister.h" />
		<Unit filename="../Code/core/RandomNormal.cpp" />
		<Unit filename="../Code/core/RandomNormal.d" />
		<Unit filename="../Code/core/RandomNormal.h" />
		<Unit filename="../Code/core/RandomNormal.o" />
		<Unit filename="../Code/core/RandomPoisson.cpp" />
		<Unit filename="../Code/core/RandomPoisson.d" />
		<Unit filename="../Code/core/RandomPoisson.h" />
		<Unit filename="../Code/core/RandomPoisson.o" />
		<Unit filename="../Code/core/RectBlock.cpp" />
		<Unit filename="../Code/core/RectBlock.d" />
		<Unit filename="../Code/core/RectBlock.h" />
		<Unit filename="../Code/core/RectBlock.o" />
		<Unit filename="../Code/core/RobotDevice.cpp" />
		<Unit filename="../Code/core/RobotDevice.d" />
		<Unit filename="../Code/core/RobotDevice.h" />
		<Unit filename="../Code/core/RobotDevice.o" />
		<Unit filename="../Code/core/RobotTaskSelector.cpp" />
		<Unit filename="../Code/core/RobotTaskSelector.d" />
		<Unit filename="../Code/core/RobotTaskSelector.h" />
		<Unit filename="../Code/core/RobotTaskSelector.o" />
		<Unit filename="../Code/core/SHMConfig.cpp" />
		<Unit filename="../Code/core/SHMConfig.d" />
		<Unit filename="../Code/core/SHMConfig.h" />
		<Unit filename="../Code/core/SHMConfig.o" />
		<Unit filename="../Code/core/ShopTask.cpp" />
		<Unit filename="../Code/core/ShopTask.d" />
		<Unit filename="../Code/core/ShopTask.h" />
		<Unit filename="../Code/core/ShopTask.o" />
		<Unit filename="../Code/core/SimulationParticles.cpp" />
		<Unit filename="../Code/core/SimulationParticles.d" />
		<Unit filename="../Code/core/SimulationParticles.h" />
		<Unit filename="../Code/core/SimulationParticles.o" />
		<Unit filename="../Code/core/StatusItem.cpp" />
		<Unit filename="../Code/core/StatusItem.d" />
		<Unit filename="../Code/core/StatusItem.h" />
		<Unit filename="../Code/core/StatusItem.o" />
		<Unit filename="../Code/core/SwisTrackCore.cpp" />
		<Unit filename="../Code/core/SwisTrackCore.d" />
		<Unit filename="../Code/core/SwisTrackCore.h" />
		<Unit filename="../Code/core/SwisTrackCore.o" />
		<Unit filename="../Code/core/SwisTrackCoreEditor.cpp" />
		<Unit filename="../Code/core/SwisTrackCoreEditor.d" />
		<Unit filename="../Code/core/SwisTrackCoreEditor.h" />
		<Unit filename="../Code/core/SwisTrackCoreEditor.o" />
		<Unit filename="../Code/core/SwisTrackCoreEventRecorder.cpp" />
		<Unit filename="../Code/core/SwisTrackCoreEventRecorder.d" />
		<Unit filename="../Code/core/SwisTrackCoreEventRecorder.h" />
		<Unit filename="../Code/core/SwisTrackCoreEventRecorder.o" />
		<Unit filename="../Code/core/SwisTrackCoreInterface.cpp" />
		<Unit filename="../Code/core/SwisTrackCoreInterface.d" />
		<Unit filename="../Code/core/SwisTrackCoreInterface.h" />
		<Unit filename="../Code/core/SwisTrackCoreInterface.o" />
		<Unit filename="../Code/core/SwisTrackCoreTrigger.cpp" />
		<Unit filename="../Code/core/SwisTrackCoreTrigger.d" />
		<Unit filename="../Code/core/SwisTrackCoreTrigger.h" />
		<Unit filename="../Code/core/SwisTrackCoreTrigger.o" />
		<Unit filename="../Code/core/Track.cpp" />
		<Unit filename="../Code/core/Track.d" />
		<Unit filename="../Code/core/Track.h" />
		<Unit filename="../Code/core/Track.o" />
		<Unit filename="../Code/core/Utility.cpp" />
		<Unit filename="../Code/core/Utility.d" />
		<Unit filename="../Code/core/Utility.h" />
		<Unit filename="../Code/core/Utility.o" />
		<Unit filename="../Code/core/WriteAvi.cpp" />
		<Unit filename="../Code/core/WriteAvi.d" />
		<Unit filename="../Code/core/WriteAvi.h" />
		<Unit filename="../Code/core/WriteAvi.o" />
		<Unit filename="../Code/core/doc/Doxyfile" />
		<Unit filename="../Code/core/libSwisTrackCore.a" />
		<Unit filename="../Code/gui/AboutDialog.cpp" />
		<Unit filename="../Code/gui/AboutDialog.h" />
		<Unit filename="../Code/gui/Application.cpp" />
		<Unit filename="../Code/gui/Application.h" />
		<Unit filename="../Code/gui/Canvas.cpp" />
		<Unit filename="../Code/gui/Canvas.h" />
		<Unit filename="../Code/gui/CanvasAnnotation.cpp" />
		<Unit filename="../Code/gui/CanvasAnnotation.h" />
		<Unit filename="../Code/gui/CanvasPanel.cpp" />
		<Unit filename="../Code/gui/CanvasPanel.h" />
		<Unit filename="../Code/gui/CanvasTitle.cpp" />
		<Unit filename="../Code/gui/CanvasTitle.h" />
		<Unit filename="../Code/gui/ComponentListPanel.cpp" />
		<Unit filename="../Code/gui/ComponentListPanel.h" />
		<Unit filename="../Code/gui/ComponentTreeItem.cpp" />
		<Unit filename="../Code/gui/ComponentTreeItem.h" />
		<Unit filename="../Code/gui/ComponentsDialog.cpp" />
		<Unit filename="../Code/gui/ComponentsDialog.h" />
		<Unit filename="../Code/gui/ConfigurationPanel.cpp" />
		<Unit filename="../Code/gui/ConfigurationPanel.h" />
		<Unit filename="../Code/gui/ConfigurationParameter.cpp" />
		<Unit filename="../Code/gui/ConfigurationParameter.h" />
		<Unit filename="../Code/gui/ConfigurationParameterAngle.cpp" />
		<Unit filename="../Code/gui/ConfigurationParameterAngle.h" />
		<Unit filename="../Code/gui/ConfigurationParameterButton.cpp" />
		<Unit filename="../Code/gui/ConfigurationParameterButton.h" />
		<Unit filename="../Code/gui/ConfigurationParameterCheckBox.cpp" />
		<Unit filename="../Code/gui/ConfigurationParameterCheckBox.h" />
		<Unit filename="../Code/gui/ConfigurationParameterColor.cpp" />
		<Unit filename="../Code/gui/ConfigurationParameterColor.h" />
		<Unit filename="../Code/gui/ConfigurationParameterDate.cpp" />
		<Unit filename="../Code/gui/ConfigurationParameterDate.h" />
		<Unit filename="../Code/gui/ConfigurationParameterDouble.cpp" />
		<Unit filename="../Code/gui/ConfigurationParameterDouble.h" />
		<Unit filename="../Code/gui/ConfigurationParameterDropdownList.cpp" />
		<Unit filename="../Code/gui/ConfigurationParameterDropdownList.h" />
		<Unit filename="../Code/gui/ConfigurationParameterFactory.cpp" />
		<Unit filename="../Code/gui/ConfigurationParameterFactory.h" />
		<Unit filename="../Code/gui/ConfigurationParameterGigECameraList.cpp" />
		<Unit filename="../Code/gui/ConfigurationParameterGigECameraList.h" />
		<Unit filename="../Code/gui/ConfigurationParameterImage.cpp" />
		<Unit filename="../Code/gui/ConfigurationParameterImage.h" />
		<Unit filename="../Code/gui/ConfigurationParameterInputFile.cpp" />
		<Unit filename="../Code/gui/ConfigurationParameterInputFile.h" />
		<Unit filename="../Code/gui/ConfigurationParameterInteger.cpp" />
		<Unit filename="../Code/gui/ConfigurationParameterInteger.h" />
		<Unit filename="../Code/gui/ConfigurationParameterOutputFile.cpp" />
		<Unit filename="../Code/gui/ConfigurationParameterOutputFile.h" />
		<Unit filename="../Code/gui/ConfigurationParameterPointDouble.cpp" />
		<Unit filename="../Code/gui/ConfigurationParameterPointDouble.h" />
		<Unit filename="../Code/gui/ConfigurationParameterPointInteger.cpp" />
		<Unit filename="../Code/gui/ConfigurationParameterPointInteger.h" />
		<Unit filename="../Code/gui/ConfigurationParameterString.cpp" />
		<Unit filename="../Code/gui/ConfigurationParameterString.h" />
		<Unit filename="../Code/gui/ConfigurationParameterVideoFormat.cpp" />
		<Unit filename="../Code/gui/ConfigurationParameterVideoFormat.h" />
		<Unit filename="../Code/gui/ErrorListDialog.cpp" />
		<Unit filename="../Code/gui/ErrorListDialog.h" />
		<Unit filename="../Code/gui/MSVisualStudio/resource.h" />
		<Unit filename="../Code/gui/NMEALogFile.cpp" />
		<Unit filename="../Code/gui/NMEALogFile.h" />
		<Unit filename="../Code/gui/SwisTrack.cpp" />
		<Unit filename="../Code/gui/SwisTrack.h" />
		<Unit filename="../Code/gui/TCPServer.cpp" />
		<Unit filename="../Code/gui/TCPServer.h" />
		<Unit filename="../Code/gui/TCPServerConnection.cpp" />
		<Unit filename="../Code/gui/TCPServerConnection.h" />
		<Unit filename="../Code/gui/TCPServerDialog.cpp" />
		<Unit filename="../Code/gui/TCPServerDialog.h" />
		<Unit filename="../Code/gui/TimelinePanel.cpp" />
		<Unit filename="../Code/gui/TimelinePanel.h" />
		<Extensions>
			<code_completion />
			<envvars />
			<lib_finder disable_auto="1" />
			<debugger />
		</Extensions>
	</Project>
</CodeBlocks_project_file>
